
Microsoft Visual Studio Solution File, Format Version 12.00
# Visual Studio 2015
Project("{FAE04EC0-301F-11D3-BF4B-00C04F79EFBC}") = "arena.CSharp.Plugins", "arena.CSharp.Plugins.csproj", "{C4A60274-C8DF-5ABB-0D16-181BD23839CE}"
EndProject
Project("{FAE04EC0-301F-11D3-BF4B-00C04F79EFBC}") = "arena.CSharp", "arena.CSharp.csproj", "{1D3AB7A2-2B3B-1BAE-D505-CAE30E6ADAB3}"
EndProject
Global
	GlobalSection(SolutionConfigurationPlatforms) = preSolution
		Debug|Any CPU = Debug|Any CPU
		Release|Any CPU = Release|Any CPU
	EndGlobalSection
	GlobalSection(ProjectConfigurationPlatforms) = postSolution
		{C4A60274-C8DF-5ABB-0D16-181BD23839CE}.Debug|Any CPU.ActiveCfg = Debug|Any CPU
		{C4A60274-C8DF-5ABB-0D16-181BD23839CE}.Debug|Any CPU.Build.0 = Debug|Any CPU
		{C4A60274-C8DF-5ABB-0D16-181BD23839CE}.Release|Any CPU.ActiveCfg = Release|Any CPU
		{C4A60274-C8DF-5ABB-0D16-181BD23839CE}.Release|Any CPU.Build.0 = Release|Any CPU
		{1D3AB7A2-2B3B-1BAE-D505-CAE30E6ADAB3}.Debug|Any CPU.ActiveCfg = Debug|Any CPU
		{1D3AB7A2-2B3B-1BAE-D505-CAE30E6ADAB3}.Debug|Any CPU.Build.0 = Debug|Any CPU
		{1D3AB7A2-2B3B-1BAE-D505-CAE30E6ADAB3}.Release|Any CPU.ActiveCfg = Release|Any CPU
		{1D3AB7A2-2B3B-1BAE-D505-CAE30E6ADAB3}.Release|Any CPU.Build.0 = Release|Any CPU
	EndGlobalSection
	GlobalSection(SolutionProperties) = preSolution
		HideSolutionNode = FALSE
	EndGlobalSection
EndGlobal
